// !$*UTF8*$!
{
	archiveVersion = 1;
	classes = {
	};
	objectVersion = 46;
	objects = {

/* Begin PBXBuildFile section */
		581E64141F7B4EEF00226933 /* ZYKeyBoardManager.m in Sources */ = {isa = PBXBuildFile; fileRef = 581E640F1F7B4EEF00226933 /* ZYKeyBoardManager.m */; };
		581E64151F7B4EEF00226933 /* ZYKeyBoardResponder.m in Sources */ = {isa = PBXBuildFile; fileRef = 581E64111F7B4EEF00226933 /* ZYKeyBoardResponder.m */; };
		581E64161F7B4EEF00226933 /* ZYKeyBoardSender.m in Sources */ = {isa = PBXBuildFile; fileRef = 581E64131F7B4EEF00226933 /* ZYKeyBoardSender.m */; };
		581E642A1F7B559300226933 /* AlertTestView.m in Sources */ = {isa = PBXBuildFile; fileRef = 581E64191F7B559300226933 /* AlertTestView.m */; };
		581E642B1F7B559300226933 /* AlertTestView.xib in Resources */ = {isa = PBXBuildFile; fileRef = 581E641A1F7B559300226933 /* AlertTestView.xib */; };
		581E642C1F7B559300226933 /* AlertViewController.m in Sources */ = {isa = PBXBuildFile; fileRef = 581E641C1F7B559300226933 /* AlertViewController.m */; };
		581E642D1F7B559300226933 /* AlertViewController.xib in Resources */ = {isa = PBXBuildFile; fileRef = 581E641D1F7B559300226933 /* AlertViewController.xib */; };
		581E642E1F7B559300226933 /* TableViewController.m in Sources */ = {isa = PBXBuildFile; fileRef = 581E641F1F7B559300226933 /* TableViewController.m */; };
		581E642F1F7B559300226933 /* TableViewController.storyboard in Resources */ = {isa = PBXBuildFile; fileRef = 581E64201F7B559300226933 /* TableViewController.storyboard */; };
		581E64301F7B559300226933 /* TestTableViewController.m in Sources */ = {isa = PBXBuildFile; fileRef = 581E64221F7B559300226933 /* TestTableViewController.m */; };
		581E64311F7B559300226933 /* TestTableViewController.storyboard in Resources */ = {isa = PBXBuildFile; fileRef = 581E64231F7B559300226933 /* TestTableViewController.storyboard */; };
		581E64321F7B559300226933 /* ViewController.m in Sources */ = {isa = PBXBuildFile; fileRef = 581E64251F7B559300226933 /* ViewController.m */; };
		581E64331F7B559300226933 /* ViewController.storyboard in Resources */ = {isa = PBXBuildFile; fileRef = 581E64261F7B559300226933 /* ViewController.storyboard */; };
		581E64341F7B559300226933 /* TableViewCell.m in Sources */ = {isa = PBXBuildFile; fileRef = 581E64291F7B559300226933 /* TableViewCell.m */; };
		58A6BCD91EA76F7C00038490 /* main.m in Sources */ = {isa = PBXBuildFile; fileRef = 58A6BCD81EA76F7C00038490 /* main.m */; };
		58A6BCDC1EA76F7C00038490 /* AppDelegate.m in Sources */ = {isa = PBXBuildFile; fileRef = 58A6BCDB1EA76F7C00038490 /* AppDelegate.m */; };
		58A6BCE21EA76F7C00038490 /* Main.storyboard in Resources */ = {isa = PBXBuildFile; fileRef = 58A6BCE01EA76F7C00038490 /* Main.storyboard */; };
		58A6BCE41EA76F7C00038490 /* Assets.xcassets in Resources */ = {isa = PBXBuildFile; fileRef = 58A6BCE31EA76F7C00038490 /* Assets.xcassets */; };
		58A6BCE71EA76F7C00038490 /* LaunchScreen.storyboard in Resources */ = {isa = PBXBuildFile; fileRef = 58A6BCE51EA76F7C00038490 /* LaunchScreen.storyboard */; };
		58FE1A781F73BAEC0075FD70 /* MainViewController.m in Sources */ = {isa = PBXBuildFile; fileRef = 58FE1A771F73BAEC0075FD70 /* MainViewController.m */; };
/* End PBXBuildFile section */

/* Begin PBXFileReference section */
		581E640E1F7B4EEF00226933 /* ZYKeyBoardManager.h */ = {isa = PBXFileReference; fileEncoding = 4; lastKnownFileType = sourcecode.c.h; path = ZYKeyBoardManager.h; sourceTree = "<group>"; };
		581E640F1F7B4EEF00226933 /* ZYKeyBoardManager.m */ = {isa = PBXFileReference; fileEncoding = 4; lastKnownFileType = sourcecode.c.objc; path = ZYKeyBoardManager.m; sourceTree = "<group>"; };
		581E64101F7B4EEF00226933 /* ZYKeyBoardResponder.h */ = {isa = PBXFileReference; fileEncoding = 4; lastKnownFileType = sourcecode.c.h; path = ZYKeyBoardResponder.h; sourceTree = "<group>"; };
		581E64111F7B4EEF00226933 /* ZYKeyBoardResponder.m */ = {isa = PBXFileReference; fileEncoding = 4; lastKnownFileType = sourcecode.c.objc; path = ZYKeyBoardResponder.m; sourceTree = "<group>"; };
		581E64121F7B4EEF00226933 /* ZYKeyBoardSender.h */ = {isa = PBXFileReference; fileEncoding = 4; lastKnownFileType = sourcecode.c.h; path = ZYKeyBoardSender.h; sourceTree = "<group>"; };
		581E64131F7B4EEF00226933 /* ZYKeyBoardSender.m */ = {isa = PBXFileReference; fileEncoding = 4; lastKnownFileType = sourcecode.c.objc; path = ZYKeyBoardSender.m; sourceTree = "<group>"; };
		581E64181F7B559300226933 /* AlertTestView.h */ = {isa = PBXFileReference; fileEncoding = 4; lastKnownFileType = sourcecode.c.h; path = AlertTestView.h; sourceTree = "<group>"; };
		581E64191F7B559300226933 /* AlertTestView.m */ = {isa = PBXFileReference; fileEncoding = 4; lastKnownFileType = sourcecode.c.objc; path = AlertTestView.m; sourceTree = "<group>"; };
		581E641A1F7B559300226933 /* AlertTestView.xib */ = {isa = PBXFileReference; fileEncoding = 4; lastKnownFileType = file.xib; path = AlertTestView.xib; sourceTree = "<group>"; };
		581E641B1F7B559300226933 /* AlertViewController.h */ = {isa = PBXFileReference; fileEncoding = 4; lastKnownFileType = sourcecode.c.h; path = AlertViewController.h; sourceTree = "<group>"; };
		581E641C1F7B559300226933 /* AlertViewController.m */ = {isa = PBXFileReference; fileEncoding = 4; lastKnownFileType = sourcecode.c.objc; path = AlertViewController.m; sourceTree = "<group>"; };
		581E641D1F7B559300226933 /* AlertViewController.xib */ = {isa = PBXFileReference; fileEncoding = 4; lastKnownFileType = file.xib; path = AlertViewController.xib; sourceTree = "<group>"; };
		581E641E1F7B559300226933 /* TableViewController.h */ = {isa = PBXFileReference; fileEncoding = 4; lastKnownFileType = sourcecode.c.h; path = TableViewController.h; sourceTree = "<group>"; };
		581E641F1F7B559300226933 /* TableViewController.m */ = {isa = PBXFileReference; fileEncoding = 4; lastKnownFileType = sourcecode.c.objc; path = TableViewController.m; sourceTree = "<group>"; };
		581E64201F7B559300226933 /* TableViewController.storyboard */ = {isa = PBXFileReference; fileEncoding = 4; lastKnownFileType = file.storyboard; path = TableViewController.storyboard; sourceTree = "<group>"; };
		581E64211F7B559300226933 /* TestTableViewController.h */ = {isa = PBXFileReference; fileEncoding = 4; lastKnownFileType = sourcecode.c.h; path = TestTableViewController.h; sourceTree = "<group>"; };
		581E64221F7B559300226933 /* TestTableViewController.m */ = {isa = PBXFileReference; fileEncoding = 4; lastKnownFileType = sourcecode.c.objc; path = TestTableViewController.m; sourceTree = "<group>"; };
		581E64231F7B559300226933 /* TestTableViewController.storyboard */ = {isa = PBXFileReference; fileEncoding = 4; lastKnownFileType = file.storyboard; path = TestTableViewController.storyboard; sourceTree = "<group>"; };
		581E64241F7B559300226933 /* ViewController.h */ = {isa = PBXFileReference; fileEncoding = 4; lastKnownFileType = sourcecode.c.h; path = ViewController.h; sourceTree = "<group>"; };
		581E64251F7B559300226933 /* ViewController.m */ = {isa = PBXFileReference; fileEncoding = 4; lastKnownFileType = sourcecode.c.objc; path = ViewController.m; sourceTree = "<group>"; };
		581E64261F7B559300226933 /* ViewController.storyboard */ = {isa = PBXFileReference; fileEncoding = 4; lastKnownFileType = file.storyboard; path = ViewController.storyboard; sourceTree = "<group>"; };
		581E64281F7B559300226933 /* TableViewCell.h */ = {isa = PBXFileReference; fileEncoding = 4; lastKnownFileType = sourcecode.c.h; path = TableViewCell.h; sourceTree = "<group>"; };
		581E64291F7B559300226933 /* TableViewCell.m */ = {isa = PBXFileReference; fileEncoding = 4; lastKnownFileType = sourcecode.c.objc; path = TableViewCell.m; sourceTree = "<group>"; };
		58A6BCD41EA76F7C00038490 /* ZYKeyBoardManagerDemo.app */ = {isa = PBXFileReference; explicitFileType = wrapper.application; includeInIndex = 0; path = ZYKeyBoardManagerDemo.app; sourceTree = BUILT_PRODUCTS_DIR; };
		58A6BCD81EA76F7C00038490 /* main.m */ = {isa = PBXFileReference; lastKnownFileType = sourcecode.c.objc; path = main.m; sourceTree = "<group>"; };
		58A6BCDA1EA76F7C00038490 /* AppDelegate.h */ = {isa = PBXFileReference; lastKnownFileType = sourcecode.c.h; path = AppDelegate.h; sourceTree = "<group>"; };
		58A6BCDB1EA76F7C00038490 /* AppDelegate.m */ = {isa = PBXFileReference; lastKnownFileType = sourcecode.c.objc; path = AppDelegate.m; sourceTree = "<group>"; };
		58A6BCE11EA76F7C00038490 /* Base */ = {isa = PBXFileReference; lastKnownFileType = file.storyboard; name = Base; path = Base.lproj/Main.storyboard; sourceTree = "<group>"; };
		58A6BCE31EA76F7C00038490 /* Assets.xcassets */ = {isa = PBXFileReference; lastKnownFileType = folder.assetcatalog; path = Assets.xcassets; sourceTree = "<group>"; };
		58A6BCE61EA76F7C00038490 /* Base */ = {isa = PBXFileReference; lastKnownFileType = file.storyboard; name = Base; path = Base.lproj/LaunchScreen.storyboard; sourceTree = "<group>"; };
		58A6BCE81EA76F7C00038490 /* Info.plist */ = {isa = PBXFileReference; lastKnownFileType = text.plist.xml; path = Info.plist; sourceTree = "<group>"; };
		58FE1A761F73BAEC0075FD70 /* MainViewController.h */ = {isa = PBXFileReference; fileEncoding = 4; lastKnownFileType = sourcecode.c.h; path = MainViewController.h; sourceTree = "<group>"; };
		58FE1A771F73BAEC0075FD70 /* MainViewController.m */ = {isa = PBXFileReference; fileEncoding = 4; lastKnownFileType = sourcecode.c.objc; path = MainViewController.m; sourceTree = "<group>"; };
/* End PBXFileReference section */

/* Begin PBXFrameworksBuildPhase section */
		58A6BCD11EA76F7C00038490 /* Frameworks */ = {
			isa = PBXFrameworksBuildPhase;
			buildActionMask = 2147483647;
			files = (
			);
			runOnlyForDeploymentPostprocessing = 0;
		};
/* End PBXFrameworksBuildPhase section */

/* Begin PBXGroup section */
		581E640D1F7B4EEF00226933 /* ZYKeyBoardManager */ = {
			isa = PBXGroup;
			children = (
				581E640E1F7B4EEF00226933 /* ZYKeyBoardManager.h */,
				581E640F1F7B4EEF00226933 /* ZYKeyBoardManager.m */,
				581E64101F7B4EEF00226933 /* ZYKeyBoardResponder.h */,
				581E64111F7B4EEF00226933 /* ZYKeyBoardResponder.m */,
				581E64121F7B4EEF00226933 /* ZYKeyBoardSender.h */,
				581E64131F7B4EEF00226933 /* ZYKeyBoardSender.m */,
			);
			path = ZYKeyBoardManager;
			sourceTree = "<group>";
		};
		581E64171F7B559300226933 /* Controllers */ = {
			isa = PBXGroup;
			children = (
				581E64241F7B559300226933 /* ViewController.h */,
				581E64251F7B559300226933 /* ViewController.m */,
				581E64261F7B559300226933 /* ViewController.storyboard */,
				581E64181F7B559300226933 /* AlertTestView.h */,
				581E64191F7B559300226933 /* AlertTestView.m */,
				581E641A1F7B559300226933 /* AlertTestView.xib */,
				581E641B1F7B559300226933 /* AlertViewController.h */,
				581E641C1F7B559300226933 /* AlertViewController.m */,
				581E641D1F7B559300226933 /* AlertViewController.xib */,
				581E641E1F7B559300226933 /* TableViewController.h */,
				581E641F1F7B559300226933 /* TableViewController.m */,
				581E64201F7B559300226933 /* TableViewController.storyboard */,
				581E64211F7B559300226933 /* TestTableViewController.h */,
				581E64221F7B559300226933 /* TestTableViewController.m */,
				581E64231F7B559300226933 /* TestTableViewController.storyboard */,
			);
			path = Controllers;
			sourceTree = "<group>";
		};
		581E64271F7B559300226933 /* Views */ = {
			isa = PBXGroup;
			children = (
				581E64281F7B559300226933 /* TableViewCell.h */,
				581E64291F7B559300226933 /* TableViewCell.m */,
			);
			path = Views;
			sourceTree = "<group>";
		};
		58A6BCCB1EA76F7C00038490 = {
			isa = PBXGroup;
			children = (
				58A6BCD61EA76F7C00038490 /* ZYKeyBoardManagerDemo */,
				58A6BCD51EA76F7C00038490 /* Products */,
			);
			sourceTree = "<group>";
		};
		58A6BCD51EA76F7C00038490 /* Products */ = {
			isa = PBXGroup;
			children = (
				58A6BCD41EA76F7C00038490 /* ZYKeyBoardManagerDemo.app */,
			);
			name = Products;
			sourceTree = "<group>";
		};
		58A6BCD61EA76F7C00038490 /* ZYKeyBoardManagerDemo */ = {
			isa = PBXGroup;
			children = (
				58FE1A761F73BAEC0075FD70 /* MainViewController.h */,
				58FE1A771F73BAEC0075FD70 /* MainViewController.m */,
				581E64171F7B559300226933 /* Controllers */,
				581E64271F7B559300226933 /* Views */,
				581E640D1F7B4EEF00226933 /* ZYKeyBoardManager */,
				58A6BCD71EA76F7C00038490 /* Supporting Files */,
			);
			path = ZYKeyBoardManagerDemo;
			sourceTree = "<group>";
		};
		58A6BCD71EA76F7C00038490 /* Supporting Files */ = {
			isa = PBXGroup;
			children = (
				58A6BCDA1EA76F7C00038490 /* AppDelegate.h */,
				58A6BCDB1EA76F7C00038490 /* AppDelegate.m */,
				58A6BCE01EA76F7C00038490 /* Main.storyboard */,
				58A6BCE31EA76F7C00038490 /* Assets.xcassets */,
				58A6BCE51EA76F7C00038490 /* LaunchScreen.storyboard */,
				58A6BCE81EA76F7C00038490 /* Info.plist */,
				58A6BCD81EA76F7C00038490 /* main.m */,
			);
			name = "Supporting Files";
			sourceTree = "<group>";
		};
/* End PBXGroup section */

/* Begin PBXNativeTarget section */
		58A6BCD31EA76F7C00038490 /* ZYKeyBoardManagerDemo */ = {
			isa = PBXNativeTarget;
			buildConfigurationList = 58A6BCEB1EA76F7C00038490 /* Build configuration list for PBXNativeTarget "ZYKeyBoardManagerDemo" */;
			buildPhases = (
				58A6BCD01EA76F7C00038490 /* Sources */,
				58A6BCD11EA76F7C00038490 /* Frameworks */,
				58A6BCD21EA76F7C00038490 /* Resources */,
			);
			buildRules = (
			);
			dependencies = (
			);
			name = ZYKeyBoardManagerDemo;
			productName = ZYKeyBoardManagerDemo;
			productReference = 58A6BCD41EA76F7C00038490 /* ZYKeyBoardManagerDemo.app */;
			productType = "com.apple.product-type.application";
		};
/* End PBXNativeTarget section */

/* Begin PBXProject section */
		58A6BCCC1EA76F7C00038490 /* Project object */ = {
			isa = PBXProject;
			attributes = {
				LastUpgradeCheck = 0810;
				ORGANIZATIONNAME = ZYSu;
				TargetAttributes = {
					58A6BCD31EA76F7C00038490 = {
						CreatedOnToolsVersion = 8.1;
						DevelopmentTeam = H2J9G32HB2;
						ProvisioningStyle = Automatic;
					};
				};
			};
			buildConfigurationList = 58A6BCCF1EA76F7C00038490 /* Build configuration list for PBXProject "ZYKeyBoardManagerDemo" */;
			compatibilityVersion = "Xcode 3.2";
			developmentRegion = English;
			hasScannedForEncodings = 0;
			knownRegions = (
				en,
				Base,
			);
			mainGroup = 58A6BCCB1EA76F7C00038490;
			productRefGroup = 58A6BCD51EA76F7C00038490 /* Products */;
			projectDirPath = "";
			projectRoot = "";
			targets = (
				58A6BCD31EA76F7C00038490 /* ZYKeyBoardManagerDemo */,
			);
		};
/* End PBXProject section */

/* Begin PBXResourcesBuildPhase section */
		58A6BCD21EA76F7C00038490 /* Resources */ = {
			isa = PBXResourcesBuildPhase;
			buildActionMask = 2147483647;
			files = (
				58A6BCE71EA76F7C00038490 /* LaunchScreen.storyboard in Resources */,
				581E64311F7B559300226933 /* TestTableViewController.storyboard in Resources */,
				581E642B1F7B559300226933 /* AlertTestView.xib in Resources */,
				581E642F1F7B559300226933 /* TableViewController.storyboard in Resources */,
				58A6BCE41EA76F7C00038490 /* Assets.xcassets in Resources */,
				58A6BCE21EA76F7C00038490 /* Main.storyboard in Resources */,
				581E642D1F7B559300226933 /* AlertViewController.xib in Resources */,
				581E64331F7B559300226933 /* ViewController.storyboard in Resources */,
			);
			runOnlyForDeploymentPostprocessing = 0;
		};
/* End PBXResourcesBuildPhase section */

/* Begin PBXSourcesBuildPhase section */
		58A6BCD01EA76F7C00038490 /* Sources */ = {
			isa = PBXSourcesBuildPhase;
			buildActionMask = 2147483647;
			files = (
				581E64141F7B4EEF00226933 /* ZYKeyBoardManager.m in Sources */,
				581E64341F7B559300226933 /* TableViewCell.m in Sources */,
				58FE1A781F73BAEC0075FD70 /* MainViewController.m in Sources */,
				58A6BCDC1EA76F7C00038490 /* AppDelegate.m in Sources */,
				581E64161F7B4EEF00226933 /* ZYKeyBoardSender.m in Sources */,
				581E642E1F7B559300226933 /* TableViewController.m in Sources */,
				581E64321F7B559300226933 /* ViewController.m in Sources */,
				58A6BCD91EA76F7C00038490 /* main.m in Sources */,
				581E64151F7B4EEF00226933 /* ZYKeyBoardResponder.m in Sources */,
				581E64301F7B559300226933 /* TestTableViewController.m in Sources */,
				581E642A1F7B559300226933 /* AlertTestView.m in Sources */,
				581E642C1F7B559300226933 /* AlertViewController.m in Sources */,
			);
			runOnlyForDeploymentPostprocessing = 0;
		};
/* End PBXSourcesBuildPhase section */

/* Begin PBXVariantGroup section */
		58A6BCE01EA76F7C00038490 /* Main.storyboard */ = {
			isa = PBXVariantGroup;
			children = (
				58A6BCE11EA76F7C00038490 /* Base */,
			);
			name = Main.storyboard;
			sourceTree = "<group>";
		};
		58A6BCE51EA76F7C00038490 /* LaunchScreen.storyboard */ = {
			isa = PBXVariantGroup;
			children = (
				58A6BCE61EA76F7C00038490 /* Base */,
			);
			name = LaunchScreen.storyboard;
			sourceTree = "<group>";
		};
/* End PBXVariantGroup section */

/* Begin XCBuildConfiguration section */
		58A6BCE91EA76F7C00038490 /* Debug */ = {
			isa = XCBuildConfiguration;
			buildSettings = {
				ALWAYS_SEARCH_USER_PATHS = NO;
				CLANG_ANALYZER_NONNULL = YES;
				CLANG_CXX_LANGUAGE_STANDARD = "gnu++0x";
				CLANG_CXX_LIBRARY = "libc++";
				CLANG_ENABLE_MODULES = YES;
				CLANG_ENABLE_OBJC_ARC = YES;
				CLANG_WARN_BOOL_CONVERSION = YES;
				CLANG_WARN_CONSTANT_CONVERSION = YES;
				CLANG_WARN_DIRECT_OBJC_ISA_USAGE = YES_ERROR;
				CLANG_WARN_DOCUMENTATION_COMMENTS = YES;
				CLANG_WARN_EMPTY_BODY = YES;
				CLANG_WARN_ENUM_CONVERSION = YES;
				CLANG_WARN_INFINITE_RECURSION = YES;
				CLANG_WARN_INT_CONVERSION = YES;
				CLANG_WARN_OBJC_ROOT_CLASS = YES_ERROR;
				CLANG_WARN_SUSPICIOUS_MOVES = YES;
				CLANG_WARN_UNREACHABLE_CODE = YES;
				CLANG_WARN__DUPLICATE_METHOD_MATCH = YES;
				"CODE_SIGN_IDENTITY[sdk=iphoneos*]" = "iPhone Developer";
				COPY_PHASE_STRIP = NO;
				DEBUG_INFORMATION_FORMAT = dwarf;
				ENABLE_STRICT_OBJC_MSGSEND = YES;
				ENABLE_TESTABILITY = YES;
				GCC_C_LANGUAGE_STANDARD = gnu99;
				GCC_DYNAMIC_NO_PIC = NO;
				GCC_NO_COMMON_BLOCKS = YES;
				GCC_OPTIMIZATION_LEVEL = 0;
				GCC_PREPROCESSOR_DEFINITIONS = (
					"DEBUG=1",
					"$(inherited)",
				);
				GCC_WARN_64_TO_32_BIT_CONVERSION = YES;
				GCC_WARN_ABOUT_RETURN_TYPE = YES_ERROR;
				GCC_WARN_UNDECLARED_SELECTOR = YES;
				GCC_WARN_UNINITIALIZED_AUTOS = YES_AGGRESSIVE;
				GCC_WARN_UNUSED_FUNCTION = YES;
				GCC_WARN_UNUSED_VARIABLE = YES;
				IPHONEOS_DEPLOYMENT_TARGET = 10.1;
				MTL_ENABLE_DEBUG_INFO = YES;
				ONLY_ACTIVE_ARCH = YES;
				SDKROOT = iphoneos;
				TARGETED_DEVICE_FAMILY = "1,2";
			};
			name = Debug;
		};
		58A6BCEA1EA76F7C00038490 /* Release */ = {
			isa = XCBuildConfiguration;
			buildSettings = {
				ALWAYS_SEARCH_USER_PATHS = NO;
				CLANG_ANALYZER_NONNULL = YES;
				CLANG_CXX_LANGUAGE_STANDARD = "gnu++0x";
				CLANG_CXX_LIBRARY = "libc++";
				CLANG_ENABLE_MODULES = YES;
				CLANG_ENABLE_OBJC_ARC = YES;
				CLANG_WARN_BOOL_CONVERSION = YES;
				CLANG_WARN_CONSTANT_CONVERSION = YES;
				CLANG_WARN_DIRECT_OBJC_ISA_USAGE = YES_ERROR;
				CLANG_WARN_DOCUMENTATION_COMMENTS = YES;
				CLANG_WARN_EMPTY_BODY = YES;
				CLANG_WARN_ENUM_CONVERSION = YES;
				CLANG_WARN_INFINITE_RECURSION = YES;
				CLANG_WARN_INT_CONVERSION = YES;
				CLANG_WARN_OBJC_ROOT_CLASS = YES_ERROR;
				CLANG_WARN_SUSPICIOUS_MOVES = YES;
				CLANG_WARN_UNREACHABLE_CODE = YES;
				CLANG_WARN__DUPLICATE_METHOD_MATCH = YES;
				"CODE_SIGN_IDENTITY[sdk=iphoneos*]" = "iPhone Developer";
				COPY_PHASE_STRIP = NO;
				DEBUG_INFORMATION_FORMAT = "dwarf-with-dsym";
				ENABLE_NS_ASSERTIONS = NO;
				ENABLE_STRICT_OBJC_MSGSEND = YES;
				GCC_C_LANGUAGE_STANDARD = gnu99;
				GCC_NO_COMMON_BLOCKS = YES;
				GCC_WARN_64_TO_32_BIT_CONVERSION = YES;
				GCC_WARN_ABOUT_RETURN_TYPE = YES_ERROR;
				GCC_WARN_UNDECLARED_SELECTOR = YES;
				GCC_WARN_UNINITIALIZED_AUTOS = YES_AGGRESSIVE;
				GCC_WARN_UNUSED_FUNCTION = YES;
				GCC_WARN_UNUSED_VARIABLE = YES;
				IPHONEOS_DEPLOYMENT_TARGET = 10.1;
				MTL_ENABLE_DEBUG_INFO = NO;
				SDKROOT = iphoneos;
				TARGETED_DEVICE_FAMILY = "1,2";
				VALIDATE_PRODUCT = YES;
			};
			name = Release;
		};
		58A6BCEC1EA76F7C00038490 /* Debug */ = {
			isa = XCBuildConfiguration;
			buildSettings = {
				ASSETCATALOG_COMPILER_APPICON_NAME = AppIcon;
				DEVELOPMENT_TEAM = H2J9G32HB2;
				INFOPLIST_FILE = ZYKeyBoardManagerDemo/Info.plist;
				LD_RUNPATH_SEARCH_PATHS = "$(inherited) @executable_path/Frameworks";
				PRODUCT_BUNDLE_IDENTIFIER = com.juniuwangpu.ZYKeyBoardManagerDemo;
				PRODUCT_NAME = "$(TARGET_NAME)";
			};
			name = Debug;
		};
		58A6BCED1EA76F7C00038490 /* Release */ = {
			isa = XCBuildConfiguration;
			buildSettings = {
				ASSETCATALOG_COMPILER_APPICON_NAME = AppIcon;
				DEVELOPMENT_TEAM = H2J9G32HB2;
				INFOPLIST_FILE = ZYKeyBoardManagerDemo/Info.plist;
				LD_RUNPATH_SEARCH_PATHS = "$(inherited) @executable_path/Frameworks";
				PRODUCT_BUNDLE_IDENTIFIER = com.juniuwangpu.ZYKeyBoardManagerDemo;
				PRODUCT_NAME = "$(TARGET_NAME)";
			};
			name = Release;
		};
/* End XCBuildConfiguration section */

/* Begin XCConfigurationList section */
		58A6BCCF1EA76F7C00038490 /* Build configuration list for PBXProject "ZYKeyBoardManagerDemo" */ = {
			isa = XCConfigurationList;
			buildConfigurations = (
				58A6BCE91EA76F7C00038490 /* Debug */,
				58A6BCEA1EA76F7C00038490 /* Release */,
			);
			defaultConfigurationIsVisible = 0;
			defaultConfigurationName = Release;
		};
		58A6BCEB1EA76F7C00038490 /* Build configuration list for PBXNativeTarget "ZYKeyBoardManagerDemo" */ = {
			isa = XCConfigurationList;
			buildConfigurations = (
				58A6BCEC1EA76F7C00038490 /* Debug */,
				58A6BCED1EA76F7C00038490 /* Release */,
			);
			defaultConfigurationIsVisible = 0;
			defaultConfigurationName = Release;
		};
/* End XCConfigurationList section */
	};
	rootObject = 58A6BCCC1EA76F7C00038490 /* Project object */;
}
